{
  "version": "5",
  "specifiers": {
    "jsr:@std/assert@*": "1.0.12",
    "jsr:@std/internal@^1.0.6": "1.0.6",
    "jsr:@std/path@1.0.8": "1.0.8",
    "npm:@sinclair/typebox@*": "0.34.33"
  },
  "jsr": {
    "@std/assert@1.0.12": {
      "integrity": "08009f0926dda9cbd8bef3a35d3b6a4b964b0ab5c3e140a4e0351fbf34af5b9a",
      "dependencies": [
        "jsr:@std/internal"
      ]
    },
    "@std/internal@1.0.6": {
      "integrity": "9533b128f230f73bd209408bb07a4b12f8d4255ab2a4d22a1fd6d87304aca9a4"
    },
    "@std/path@1.0.8": {
      "integrity": "548fa456bb6a04d3c1a1e7477986b6cffbce95102d0bb447c67c4ee70e0364be"
    }
  },
  "npm": {
    "@sinclair/typebox@0.34.33": {
      "integrity": "sha512-5HAV9exOMcXRUxo+9iYB5n09XxzCXnfy4VTNW4xnDv+FgjzAGY989C28BIdljKqmF+ZltUwujE3aossvcVtq6g=="
    }
  },
  "remote": {
    "https://raw.githubusercontent.com/sinclairzx81/tasksmith/0.8.0/src/attw/attw.ts": "40357d83b7da199bc79609f603f59aa74d634fc38b9e540b1abfa6614d7af509",
    "https://raw.githubusercontent.com/sinclairzx81/tasksmith/0.8.0/src/attw/index.ts": "49c9cfcf1908a5c732210262367baf638ebc9a5c276bd7d8eb0d3abc4df22e05",
    "https://raw.githubusercontent.com/sinclairzx81/tasksmith/0.8.0/src/build/build.ts": "8aa589e33ae4ba5739be3536e6876feb07ac8f043374c1d5f670ea82856ac67f",
    "https://raw.githubusercontent.com/sinclairzx81/tasksmith/0.8.0/src/build/index.ts": "14a09ed261e81fd145d79652950d5aa874e7198e0380a2bb2de678da823008bf",
    "https://raw.githubusercontent.com/sinclairzx81/tasksmith/0.8.0/src/compress/compress.ts": "81b9078f96341f781da13c039435d11ec9892597bbaecf5ea17ddebd6ffd720c",
    "https://raw.githubusercontent.com/sinclairzx81/tasksmith/0.8.0/src/compress/format-size.ts": "56da82f861eb3234ebc2e8c05fa5b060d1659f78c8692b879d525d2561d17f33",
    "https://raw.githubusercontent.com/sinclairzx81/tasksmith/0.8.0/src/compress/gzip-size.ts": "fb0603f8d09809c200577a660c7eda078f6185cfa848eb08104e841c6fd89213",
    "https://raw.githubusercontent.com/sinclairzx81/tasksmith/0.8.0/src/compress/index.ts": "2ff1da4acf7310beae6148577f81d36351576a3608fc4e4c85736f1d166d34ea",
    "https://raw.githubusercontent.com/sinclairzx81/tasksmith/0.8.0/src/esbuild/esbuild.ts": "5608fdb332a153391d88f6bf9ce8ea72b9e4117c8100de9b90a903cdc61c0481",
    "https://raw.githubusercontent.com/sinclairzx81/tasksmith/0.8.0/src/esbuild/index.ts": "13bfba425b42d924d437912f93f2164e8d95426730f11b5c08e45cbda9b56aed",
    "https://raw.githubusercontent.com/sinclairzx81/tasksmith/0.8.0/src/file/append.ts": "ec82b66b16830f31c6981fb46f28101912aec5831de978ca34dca979e0946249",
    "https://raw.githubusercontent.com/sinclairzx81/tasksmith/0.8.0/src/file/create.ts": "1fd59581978b83d9e2aefaeb321e1ba61c868914d7c00854b795367dcc63fc5b",
    "https://raw.githubusercontent.com/sinclairzx81/tasksmith/0.8.0/src/file/delete.ts": "a2785db01de8f44493e6e9a7ce62a432c08fbc2bcc7f621c1e39d594cbc6faea",
    "https://raw.githubusercontent.com/sinclairzx81/tasksmith/0.8.0/src/file/file.ts": "c6def713b6f47168858daf433d55994f00531a49ed9cfa9368a11480ca8b636e",
    "https://raw.githubusercontent.com/sinclairzx81/tasksmith/0.8.0/src/file/index.ts": "c7802b56b7386aa7023436cc27f26e39a2dde7e7744b166ebb3a48c1c77b8a48",
    "https://raw.githubusercontent.com/sinclairzx81/tasksmith/0.8.0/src/file/read.ts": "f163b5d8cd6541ae2549abdd8b85914c4b41455824256b711f5a3e083aba8b13",
    "https://raw.githubusercontent.com/sinclairzx81/tasksmith/0.8.0/src/file/replace.ts": "f547bd75de33425b2360a8bbecad5a22ae0f2b5f822b438dc2566cebf6f6291d",
    "https://raw.githubusercontent.com/sinclairzx81/tasksmith/0.8.0/src/file/write.ts": "484a3e400e2cab4d976c01ff57af996cc61e6930a7b2ec92679955f6ab348374",
    "https://raw.githubusercontent.com/sinclairzx81/tasksmith/0.8.0/src/folder/add.ts": "eec03dfadcaddc63a1c872356583d45e2dc6d8606807529ddb3e149df30f3492",
    "https://raw.githubusercontent.com/sinclairzx81/tasksmith/0.8.0/src/folder/create.ts": "3dea8bc3d1dfb6088bd72010c05b9c7ebca803b953f5c720b4dcd8c826237416",
    "https://raw.githubusercontent.com/sinclairzx81/tasksmith/0.8.0/src/folder/delete.ts": "bcfd835e466c3d17c6592136f4e6fa94ac50c6ca951da441b2e473e72bc26fdc",
    "https://raw.githubusercontent.com/sinclairzx81/tasksmith/0.8.0/src/folder/folder.ts": "3d9df0555638690cb332acfaa6180cf88b9b21841d97e832ed3bc80510b34f21",
    "https://raw.githubusercontent.com/sinclairzx81/tasksmith/0.8.0/src/folder/index-list.ts": "90a71860159549b2e9af89c1565d54586d74e063a0185cc349577e43ccaca523",
    "https://raw.githubusercontent.com/sinclairzx81/tasksmith/0.8.0/src/folder/index.ts": "a6bee7cb175733e7a7cb241ae158076d62b65c86d93402461e20780a17f39302",
    "https://raw.githubusercontent.com/sinclairzx81/tasksmith/0.8.0/src/index.ts": "3478734f5e8aacc3aba8b0ed1863d98f968e7bbdba04894bbfa74609115cd43c",
    "https://raw.githubusercontent.com/sinclairzx81/tasksmith/0.8.0/src/path/index.ts": "a54f30e47f830ab8195624df02f401c59107a6a877d8a541fd5449c66abca68e",
    "https://raw.githubusercontent.com/sinclairzx81/tasksmith/0.8.0/src/path/path.ts": "c22bb9d76c082dc26434739570b7c324e0db91b0674fc84fb347c607ce0f2950",
    "https://raw.githubusercontent.com/sinclairzx81/tasksmith/0.8.0/src/run/run.ts": "2cf532dff8a2dd31455964ff107d0957e75852afda653dcd29bbc240fbdfc618",
    "https://raw.githubusercontent.com/sinclairzx81/tasksmith/0.8.0/src/settings/index.ts": "35d4ea33ad01546435f8a66a49603527849b0b59d625c65a7a5a4c7ed2248477",
    "https://raw.githubusercontent.com/sinclairzx81/tasksmith/0.8.0/src/settings/settings.ts": "d571fcdf2857b5196b24dacac5f75c98e279e7f3c1bc487afce3b03ed1a0ce24",
    "https://raw.githubusercontent.com/sinclairzx81/tasksmith/0.8.0/src/shell/index.ts": "db9a5f9a747d41a5aa7a43e2fe606f5ac7365459af697148a9680935c1d39bb7",
    "https://raw.githubusercontent.com/sinclairzx81/tasksmith/0.8.0/src/shell/shell.ts": "736ae813e84a300650af3fbcb632518b6978bf0a0f2d32f0b69a7248310ab1f2",
    "https://raw.githubusercontent.com/sinclairzx81/tasksmith/0.8.0/src/task.ts": "aebf7b1195167b32c8f5ae13446daef4315f89d6eb5700d4927e54a0ed5bbc25",
    "https://raw.githubusercontent.com/sinclairzx81/tasksmith/0.8.0/src/tsc/index.ts": "c8b602ebe53807b894852c07a461b4b5cbf4dd54f728d82c57f64b207c4819ce",
    "https://raw.githubusercontent.com/sinclairzx81/tasksmith/0.8.0/src/tsc/tsc.ts": "547134d42cb45d17053a8fd4259c205b17c221cca41c4a1846fb0be7ba20fe95",
    "https://raw.githubusercontent.com/sinclairzx81/tasksmith/0.8.2/src/attw/attw.ts": "731ba1fdabb73e1fedb4f0870d711ec7afa2a8dacc951b9d5b7deb7ff7011799",
    "https://raw.githubusercontent.com/sinclairzx81/tasksmith/0.8.2/src/attw/index.ts": "49c9cfcf1908a5c732210262367baf638ebc9a5c276bd7d8eb0d3abc4df22e05",
    "https://raw.githubusercontent.com/sinclairzx81/tasksmith/0.8.2/src/build/build.ts": "b14dbd7f17cd9de993a615bca4260a2c5427948569fc42dfc16f0f9a05c2eef0",
    "https://raw.githubusercontent.com/sinclairzx81/tasksmith/0.8.2/src/build/index.ts": "14a09ed261e81fd145d79652950d5aa874e7198e0380a2bb2de678da823008bf",
    "https://raw.githubusercontent.com/sinclairzx81/tasksmith/0.8.2/src/compress/compress.ts": "81b9078f96341f781da13c039435d11ec9892597bbaecf5ea17ddebd6ffd720c",
    "https://raw.githubusercontent.com/sinclairzx81/tasksmith/0.8.2/src/compress/format-size.ts": "56da82f861eb3234ebc2e8c05fa5b060d1659f78c8692b879d525d2561d17f33",
    "https://raw.githubusercontent.com/sinclairzx81/tasksmith/0.8.2/src/compress/gzip-size.ts": "fb0603f8d09809c200577a660c7eda078f6185cfa848eb08104e841c6fd89213",
    "https://raw.githubusercontent.com/sinclairzx81/tasksmith/0.8.2/src/compress/index.ts": "2ff1da4acf7310beae6148577f81d36351576a3608fc4e4c85736f1d166d34ea",
    "https://raw.githubusercontent.com/sinclairzx81/tasksmith/0.8.2/src/esbuild/esbuild.ts": "f6abda02bda8975222197187a084778581d1867588f85bbe08ef9b6fc7d6df51",
    "https://raw.githubusercontent.com/sinclairzx81/tasksmith/0.8.2/src/esbuild/index.ts": "13bfba425b42d924d437912f93f2164e8d95426730f11b5c08e45cbda9b56aed",
    "https://raw.githubusercontent.com/sinclairzx81/tasksmith/0.8.2/src/file/append.ts": "ec82b66b16830f31c6981fb46f28101912aec5831de978ca34dca979e0946249",
    "https://raw.githubusercontent.com/sinclairzx81/tasksmith/0.8.2/src/file/create.ts": "1fd59581978b83d9e2aefaeb321e1ba61c868914d7c00854b795367dcc63fc5b",
    "https://raw.githubusercontent.com/sinclairzx81/tasksmith/0.8.2/src/file/delete.ts": "a2785db01de8f44493e6e9a7ce62a432c08fbc2bcc7f621c1e39d594cbc6faea",
    "https://raw.githubusercontent.com/sinclairzx81/tasksmith/0.8.2/src/file/file.ts": "c6def713b6f47168858daf433d55994f00531a49ed9cfa9368a11480ca8b636e",
    "https://raw.githubusercontent.com/sinclairzx81/tasksmith/0.8.2/src/file/index.ts": "c7802b56b7386aa7023436cc27f26e39a2dde7e7744b166ebb3a48c1c77b8a48",
    "https://raw.githubusercontent.com/sinclairzx81/tasksmith/0.8.2/src/file/read.ts": "f163b5d8cd6541ae2549abdd8b85914c4b41455824256b711f5a3e083aba8b13",
    "https://raw.githubusercontent.com/sinclairzx81/tasksmith/0.8.2/src/file/replace.ts": "f547bd75de33425b2360a8bbecad5a22ae0f2b5f822b438dc2566cebf6f6291d",
    "https://raw.githubusercontent.com/sinclairzx81/tasksmith/0.8.2/src/file/write.ts": "484a3e400e2cab4d976c01ff57af996cc61e6930a7b2ec92679955f6ab348374",
    "https://raw.githubusercontent.com/sinclairzx81/tasksmith/0.8.2/src/folder/add.ts": "eec03dfadcaddc63a1c872356583d45e2dc6d8606807529ddb3e149df30f3492",
    "https://raw.githubusercontent.com/sinclairzx81/tasksmith/0.8.2/src/folder/create.ts": "3dea8bc3d1dfb6088bd72010c05b9c7ebca803b953f5c720b4dcd8c826237416",
    "https://raw.githubusercontent.com/sinclairzx81/tasksmith/0.8.2/src/folder/delete.ts": "bcfd835e466c3d17c6592136f4e6fa94ac50c6ca951da441b2e473e72bc26fdc",
    "https://raw.githubusercontent.com/sinclairzx81/tasksmith/0.8.2/src/folder/folder.ts": "3d9df0555638690cb332acfaa6180cf88b9b21841d97e832ed3bc80510b34f21",
    "https://raw.githubusercontent.com/sinclairzx81/tasksmith/0.8.2/src/folder/index-list.ts": "90a71860159549b2e9af89c1565d54586d74e063a0185cc349577e43ccaca523",
    "https://raw.githubusercontent.com/sinclairzx81/tasksmith/0.8.2/src/folder/index.ts": "a6bee7cb175733e7a7cb241ae158076d62b65c86d93402461e20780a17f39302",
    "https://raw.githubusercontent.com/sinclairzx81/tasksmith/0.8.2/src/index.ts": "3478734f5e8aacc3aba8b0ed1863d98f968e7bbdba04894bbfa74609115cd43c",
    "https://raw.githubusercontent.com/sinclairzx81/tasksmith/0.8.2/src/path/index.ts": "a54f30e47f830ab8195624df02f401c59107a6a877d8a541fd5449c66abca68e",
    "https://raw.githubusercontent.com/sinclairzx81/tasksmith/0.8.2/src/path/path.ts": "c22bb9d76c082dc26434739570b7c324e0db91b0674fc84fb347c607ce0f2950",
    "https://raw.githubusercontent.com/sinclairzx81/tasksmith/0.8.2/src/run/index.ts": "4681a49e9d2667e965ecfd229dab762cd84bf29d36e8251b4dcf4e34150485e5",
    "https://raw.githubusercontent.com/sinclairzx81/tasksmith/0.8.2/src/run/run.ts": "2cf532dff8a2dd31455964ff107d0957e75852afda653dcd29bbc240fbdfc618",
    "https://raw.githubusercontent.com/sinclairzx81/tasksmith/0.8.2/src/serve/index.ts": "7bfc8c74a7ed2b55d821bec758e6b3a8a623febdde646bafafb91e4e3398ed40",
    "https://raw.githubusercontent.com/sinclairzx81/tasksmith/0.8.2/src/serve/serve.ts": "602480de00c4d5b7d91837c8b2b4f57955e088922d3bf39bbb0b6f23fda0f52d",
    "https://raw.githubusercontent.com/sinclairzx81/tasksmith/0.8.2/src/settings/index.ts": "35d4ea33ad01546435f8a66a49603527849b0b59d625c65a7a5a4c7ed2248477",
    "https://raw.githubusercontent.com/sinclairzx81/tasksmith/0.8.2/src/settings/settings.ts": "d571fcdf2857b5196b24dacac5f75c98e279e7f3c1bc487afce3b03ed1a0ce24",
    "https://raw.githubusercontent.com/sinclairzx81/tasksmith/0.8.2/src/shell/index.ts": "db9a5f9a747d41a5aa7a43e2fe606f5ac7365459af697148a9680935c1d39bb7",
    "https://raw.githubusercontent.com/sinclairzx81/tasksmith/0.8.2/src/shell/shell.ts": "736ae813e84a300650af3fbcb632518b6978bf0a0f2d32f0b69a7248310ab1f2",
    "https://raw.githubusercontent.com/sinclairzx81/tasksmith/0.8.2/src/task.ts": "8346009a1032f4ffcf44b2d587db562c7949e74694cf9367b10db6489085d5f3",
    "https://raw.githubusercontent.com/sinclairzx81/tasksmith/0.8.2/src/tsc/index.ts": "c8b602ebe53807b894852c07a461b4b5cbf4dd54f728d82c57f64b207c4819ce",
    "https://raw.githubusercontent.com/sinclairzx81/tasksmith/0.8.2/src/tsc/tsc.ts": "890cac855658225d3dbcd57658ab44f65932446fe5632cb1818b1095f5c1e936"
  }
}
